
Microsoft Visual Studio Solution File, Format Version 12.00
# Visual Studio Version 16
VisualStudioVersion = 16.0.32802.440
MinimumVisualStudioVersion = 10.0.40219.1
Project("{FAE04EC0-301F-11D3-BF4B-00C04F79EFBC}") = "DeltaX_MovieDetails", "DeltaX_MovieDetails\DeltaX_MovieDetails.csproj", "{C645DEF1-638A-4E19-A051-0989E69B623D}"
EndProject
Project("{FAE04EC0-301F-11D3-BF4B-00C04F79EFBC}") = "BAL", "BAL\BAL.csproj", "{22414797-61A8-45F2-9E59-D5DA8E843B09}"
EndProject
Project("{FAE04EC0-301F-11D3-BF4B-00C04F79EFBC}") = "DAL", "DAL\DAL.csproj", "{E1A5530F-1B5D-452E-900D-A25BDB695812}"
EndProject
Global
	GlobalSection(SolutionConfigurationPlatforms) = preSolution
		Debug|Any CPU = Debug|Any CPU
		Release|Any CPU = Release|Any CPU
	EndGlobalSection
	GlobalSection(ProjectConfigurationPlatforms) = postSolution
		{C645DEF1-638A-4E19-A051-0989E69B623D}.Debug|Any CPU.ActiveCfg = Debug|Any CPU
		{C645DEF1-638A-4E19-A051-0989E69B623D}.Debug|Any CPU.Build.0 = Debug|Any CPU
		{C645DEF1-638A-4E19-A051-0989E69B623D}.Release|Any CPU.ActiveCfg = Release|Any CPU
		{C645DEF1-638A-4E19-A051-0989E69B623D}.Release|Any CPU.Build.0 = Release|Any CPU
		{22414797-61A8-45F2-9E59-D5DA8E843B09}.Debug|Any CPU.ActiveCfg = Debug|Any CPU
		{22414797-61A8-45F2-9E59-D5DA8E843B09}.Debug|Any CPU.Build.0 = Debug|Any CPU
		{22414797-61A8-45F2-9E59-D5DA8E843B09}.Release|Any CPU.ActiveCfg = Release|Any CPU
		{22414797-61A8-45F2-9E59-D5DA8E843B09}.Release|Any CPU.Build.0 = Release|Any CPU
		{E1A5530F-1B5D-452E-900D-A25BDB695812}.Debug|Any CPU.ActiveCfg = Debug|Any CPU
		{E1A5530F-1B5D-452E-900D-A25BDB695812}.Debug|Any CPU.Build.0 = Debug|Any CPU
		{E1A5530F-1B5D-452E-900D-A25BDB695812}.Release|Any CPU.ActiveCfg = Release|Any CPU
		{E1A5530F-1B5D-452E-900D-A25BDB695812}.Release|Any CPU.Build.0 = Release|Any CPU
	EndGlobalSection
	GlobalSection(SolutionProperties) = preSolution
		HideSolutionNode = FALSE
	EndGlobalSection
	GlobalSection(ExtensibilityGlobals) = postSolution
		SolutionGuid = {3EE62BA9-3343-42A3-8807-25054DC62829}
	EndGlobalSection
EndGlobal
